
Microsoft Visual Studio Solution File, Format Version 12.00
# Visual Studio Version 17
VisualStudioVersion = 17.4.33213.308
MinimumVisualStudioVersion = 10.0.40219.1
Project("{8BC9CEB8-8B4A-11D0-8D11-00A0C91BC942}") = "Exercise_2", "Exercise_2\Exercise_2.vcxproj", "{048F1D4A-B198-459A-B740-86FFA40C4CC4}"
EndProject
Project("{8BC9CEB8-8B4A-11D0-8D11-00A0C91BC942}") = "Exercise_1", "Exercise_1\Exercise_1.vcxproj", "{EBA21588-2832-4E70-B5B1-C093552977E0}"
EndProject
Project("{8BC9CEB8-8B4A-11D0-8D11-00A0C91BC942}") = "Exercise_3", "Exercise_3\Exercise_3.vcxproj", "{5D62C160-1F5B-4152-AB0B-12CBC98C7C4E}"
EndProject
Project("{8BC9CEB8-8B4A-11D0-8D11-00A0C91BC942}") = "Exercise_4", "Exersice_4\Exersice_4.vcxproj", "{FA624F1C-2DD9-49A5-858C-7070C21B7203}"
EndProject
Project("{8BC9CEB8-8B4A-11D0-8D11-00A0C91BC942}") = "Exercise_5", "Exercise_5\Exercise_5.vcxproj", "{B7F639CA-6A45-439E-B5C2-9D50D344A471}"
EndProject
Project("{8BC9CEB8-8B4A-11D0-8D11-00A0C91BC942}") = "Exercise_6", "Exercise_6\Exercise_6.vcxproj", "{7F54F942-82E3-415E-A5D2-37175F261F47}"
EndProject
Project("{8BC9CEB8-8B4A-11D0-8D11-00A0C91BC942}") = "Exercise_7", "Exsercise_7\Exsercise_7.vcxproj", "{BC0CF476-0E0A-4656-A096-28E87A3DF5B0}"
EndProject
Project("{8BC9CEB8-8B4A-11D0-8D11-00A0C91BC942}") = "Exercise_8", "Exercise_8\Exercise_8.vcxproj", "{D858011C-2659-4851-8636-D5EF6304776D}"
EndProject
Project("{8BC9CEB8-8B4A-11D0-8D11-00A0C91BC942}") = "Exercise_9", "Exercise_9\Exercise_9.vcxproj", "{7785CBEB-4C5B-46D9-8D1E-05D87F47D448}"
EndProject
Project("{8BC9CEB8-8B4A-11D0-8D11-00A0C91BC942}") = "Exercise_10", "Exercise_10\Exercise_10.vcxproj", "{C9E0A21D-E635-41A2-87DE-52792DBE4A69}"
EndProject
Project("{8BC9CEB8-8B4A-11D0-8D11-00A0C91BC942}") = "Exercise_11", "Exercise_11\Exercise_11.vcxproj", "{F77E39A3-541F-4A9D-B5BF-A624A27B5709}"
EndProject
Project("{8BC9CEB8-8B4A-11D0-8D11-00A0C91BC942}") = "Exercise_12", "Exercise_12\Exercise_12.vcxproj", "{971F0640-301E-4974-8858-6BDBE8503ECE}"
EndProject
Project("{8BC9CEB8-8B4A-11D0-8D11-00A0C91BC942}") = "Exercise_13", "Exercise_13\Exercise_13.vcxproj", "{CDB16F76-1298-48BB-95A4-E479E0B1CABF}"
EndProject
Project("{8BC9CEB8-8B4A-11D0-8D11-00A0C91BC942}") = "Loop_E_1", "Loop_E_1\Loop_E_1.vcxproj", "{4BC7D711-99A8-4CF1-AF1A-A6DD2A4CB337}"
EndProject
Project("{8BC9CEB8-8B4A-11D0-8D11-00A0C91BC942}") = "Loop_E_2-1", "Loop_E_2-1\Loop_E_2-1.vcxproj", "{79D54A23-CBDB-4EAB-8A16-655515A8F254}"
EndProject
Project("{8BC9CEB8-8B4A-11D0-8D11-00A0C91BC942}") = "Loop_E_2-2", "Loop_E_2-2\Loop_E_2-2.vcxproj", "{5363B97F-89C0-45DC-80EF-937E6108E3E0}"
EndProject
Project("{8BC9CEB8-8B4A-11D0-8D11-00A0C91BC942}") = "Loop_E_2-3", "Loop_E_2-3\Loop_E_2-3.vcxproj", "{59AB830E-8160-4E3E-9CBC-50DE89A128AC}"
EndProject
Project("{8BC9CEB8-8B4A-11D0-8D11-00A0C91BC942}") = "Loop_E_2-4", "Loop_E_2-4\Loop_E_2-4.vcxproj", "{D8D2E1C9-D933-4F5E-A3CD-C6E84A9AFF09}"
EndProject
Project("{8BC9CEB8-8B4A-11D0-8D11-00A0C91BC942}") = "Loop_E_2-5", "Loop_E_2-5\Loop_E_2-5.vcxproj", "{44A3B12A-7FC0-4D8D-8A0E-46D66DA070D7}"
EndProject
Project("{8BC9CEB8-8B4A-11D0-8D11-00A0C91BC942}") = "Loop_E_2-6", "Loop_E_2-6\Loop_E_2-6.vcxproj", "{DFAFE894-7870-49A3-A6F6-DF26FD550F14}"
EndProject
Project("{8BC9CEB8-8B4A-11D0-8D11-00A0C91BC942}") = "Loop_E_2-7", "Loop_E_2-7\Loop_E_2-7.vcxproj", "{DE776257-A4AD-4441-A55F-A60227BB38A4}"
EndProject
Project("{8BC9CEB8-8B4A-11D0-8D11-00A0C91BC942}") = "Loop_E_2-8", "Loop_E_2-8\Loop_E_2-8.vcxproj", "{B0B4243D-8CDD-45DC-BF50-667D1D01E088}"
EndProject
Project("{8BC9CEB8-8B4A-11D0-8D11-00A0C91BC942}") = "Loop_E_3-1", "Loop_E_3-1\Loop_E_3-1.vcxproj", "{B5E8BDAB-8FED-49CE-A07A-AF3FEA284E56}"
EndProject
Project("{8BC9CEB8-8B4A-11D0-8D11-00A0C91BC942}") = "Loop_E_3-2", "Loop_E_3-2\Loop_E_3-2.vcxproj", "{529D62DC-391D-44D4-B0CB-6D3FE1C48CAD}"
EndProject
Project("{8BC9CEB8-8B4A-11D0-8D11-00A0C91BC942}") = "Loop_E_3-3", "Loop_E_3-3\Loop_E_3-3.vcxproj", "{19ADA6D0-5854-4D97-861B-85CDE570701B}"
EndProject
Global
	GlobalSection(SolutionConfigurationPlatforms) = preSolution
		Debug|x64 = Debug|x64
		Debug|x86 = Debug|x86
		Release|x64 = Release|x64
		Release|x86 = Release|x86
	EndGlobalSection
	GlobalSection(ProjectConfigurationPlatforms) = postSolution
		{048F1D4A-B198-459A-B740-86FFA40C4CC4}.Debug|x64.ActiveCfg = Debug|x64
		{048F1D4A-B198-459A-B740-86FFA40C4CC4}.Debug|x64.Build.0 = Debug|x64
		{048F1D4A-B198-459A-B740-86FFA40C4CC4}.Debug|x86.ActiveCfg = Debug|Win32
		{048F1D4A-B198-459A-B740-86FFA40C4CC4}.Debug|x86.Build.0 = Debug|Win32
		{048F1D4A-B198-459A-B740-86FFA40C4CC4}.Release|x64.ActiveCfg = Release|x64
		{048F1D4A-B198-459A-B740-86FFA40C4CC4}.Release|x64.Build.0 = Release|x64
		{048F1D4A-B198-459A-B740-86FFA40C4CC4}.Release|x86.ActiveCfg = Release|Win32
		{048F1D4A-B198-459A-B740-86FFA40C4CC4}.Release|x86.Build.0 = Release|Win32
		{EBA21588-2832-4E70-B5B1-C093552977E0}.Debug|x64.ActiveCfg = Debug|x64
		{EBA21588-2832-4E70-B5B1-C093552977E0}.Debug|x64.Build.0 = Debug|x64
		{EBA21588-2832-4E70-B5B1-C093552977E0}.Debug|x86.ActiveCfg = Debug|Win32
		{EBA21588-2832-4E70-B5B1-C093552977E0}.Debug|x86.Build.0 = Debug|Win32
		{EBA21588-2832-4E70-B5B1-C093552977E0}.Release|x64.ActiveCfg = Release|x64
		{EBA21588-2832-4E70-B5B1-C093552977E0}.Release|x64.Build.0 = Release|x64
		{EBA21588-2832-4E70-B5B1-C093552977E0}.Release|x86.ActiveCfg = Release|Win32
		{EBA21588-2832-4E70-B5B1-C093552977E0}.Release|x86.Build.0 = Release|Win32
		{5D62C160-1F5B-4152-AB0B-12CBC98C7C4E}.Debug|x64.ActiveCfg = Debug|x64
		{5D62C160-1F5B-4152-AB0B-12CBC98C7C4E}.Debug|x64.Build.0 = Debug|x64
		{5D62C160-1F5B-4152-AB0B-12CBC98C7C4E}.Debug|x86.ActiveCfg = Debug|Win32
		{5D62C160-1F5B-4152-AB0B-12CBC98C7C4E}.Debug|x86.Build.0 = Debug|Win32
		{5D62C160-1F5B-4152-AB0B-12CBC98C7C4E}.Release|x64.ActiveCfg = Release|x64
		{5D62C160-1F5B-4152-AB0B-12CBC98C7C4E}.Release|x64.Build.0 = Release|x64
		{5D62C160-1F5B-4152-AB0B-12CBC98C7C4E}.Release|x86.ActiveCfg = Release|Win32
		{5D62C160-1F5B-4152-AB0B-12CBC98C7C4E}.Release|x86.Build.0 = Release|Win32
		{FA624F1C-2DD9-49A5-858C-7070C21B7203}.Debug|x64.ActiveCfg = Debug|x64
		{FA624F1C-2DD9-49A5-858C-7070C21B7203}.Debug|x64.Build.0 = Debug|x64
		{FA624F1C-2DD9-49A5-858C-7070C21B7203}.Debug|x86.ActiveCfg = Debug|Win32
		{FA624F1C-2DD9-49A5-858C-7070C21B7203}.Debug|x86.Build.0 = Debug|Win32
		{FA624F1C-2DD9-49A5-858C-7070C21B7203}.Release|x64.ActiveCfg = Release|x64
		{FA624F1C-2DD9-49A5-858C-7070C21B7203}.Release|x64.Build.0 = Release|x64
		{FA624F1C-2DD9-49A5-858C-7070C21B7203}.Release|x86.ActiveCfg = Release|Win32
		{FA624F1C-2DD9-49A5-858C-7070C21B7203}.Release|x86.Build.0 = Release|Win32
		{B7F639CA-6A45-439E-B5C2-9D50D344A471}.Debug|x64.ActiveCfg = Debug|x64
		{B7F639CA-6A45-439E-B5C2-9D50D344A471}.Debug|x64.Build.0 = Debug|x64
		{B7F639CA-6A45-439E-B5C2-9D50D344A471}.Debug|x86.ActiveCfg = Debug|Win32
		{B7F639CA-6A45-439E-B5C2-9D50D344A471}.Debug|x86.Build.0 = Debug|Win32
		{B7F639CA-6A45-439E-B5C2-9D50D344A471}.Release|x64.ActiveCfg = Release|x64
		{B7F639CA-6A45-439E-B5C2-9D50D344A471}.Release|x64.Build.0 = Release|x64
		{B7F639CA-6A45-439E-B5C2-9D50D344A471}.Release|x86.ActiveCfg = Release|Win32
		{B7F639CA-6A45-439E-B5C2-9D50D344A471}.Release|x86.Build.0 = Release|Win32
		{7F54F942-82E3-415E-A5D2-37175F261F47}.Debug|x64.ActiveCfg = Debug|x64
		{7F54F942-82E3-415E-A5D2-37175F261F47}.Debug|x64.Build.0 = Debug|x64
		{7F54F942-82E3-415E-A5D2-37175F261F47}.Debug|x86.ActiveCfg = Debug|Win32
		{7F54F942-82E3-415E-A5D2-37175F261F47}.Debug|x86.Build.0 = Debug|Win32
		{7F54F942-82E3-415E-A5D2-37175F261F47}.Release|x64.ActiveCfg = Release|x64
		{7F54F942-82E3-415E-A5D2-37175F261F47}.Release|x64.Build.0 = Release|x64
		{7F54F942-82E3-415E-A5D2-37175F261F47}.Release|x86.ActiveCfg = Release|Win32
		{7F54F942-82E3-415E-A5D2-37175F261F47}.Release|x86.Build.0 = Release|Win32
		{BC0CF476-0E0A-4656-A096-28E87A3DF5B0}.Debug|x64.ActiveCfg = Debug|x64
		{BC0CF476-0E0A-4656-A096-28E87A3DF5B0}.Debug|x64.Build.0 = Debug|x64
		{BC0CF476-0E0A-4656-A096-28E87A3DF5B0}.Debug|x86.ActiveCfg = Debug|Win32
		{BC0CF476-0E0A-4656-A096-28E87A3DF5B0}.Debug|x86.Build.0 = Debug|Win32
		{BC0CF476-0E0A-4656-A096-28E87A3DF5B0}.Release|x64.ActiveCfg = Release|x64
		{BC0CF476-0E0A-4656-A096-28E87A3DF5B0}.Release|x64.Build.0 = Release|x64
		{BC0CF476-0E0A-4656-A096-28E87A3DF5B0}.Release|x86.ActiveCfg = Release|Win32
		{BC0CF476-0E0A-4656-A096-28E87A3DF5B0}.Release|x86.Build.0 = Release|Win32
		{D858011C-2659-4851-8636-D5EF6304776D}.Debug|x64.ActiveCfg = Debug|x64
		{D858011C-2659-4851-8636-D5EF6304776D}.Debug|x64.Build.0 = Debug|x64
		{D858011C-2659-4851-8636-D5EF6304776D}.Debug|x86.ActiveCfg = Debug|Win32
		{D858011C-2659-4851-8636-D5EF6304776D}.Debug|x86.Build.0 = Debug|Win32
		{D858011C-2659-4851-8636-D5EF6304776D}.Release|x64.ActiveCfg = Release|x64
		{D858011C-2659-4851-8636-D5EF6304776D}.Release|x64.Build.0 = Release|x64
		{D858011C-2659-4851-8636-D5EF6304776D}.Release|x86.ActiveCfg = Release|Win32
		{D858011C-2659-4851-8636-D5EF6304776D}.Release|x86.Build.0 = Release|Win32
		{7785CBEB-4C5B-46D9-8D1E-05D87F47D448}.Debug|x64.ActiveCfg = Debug|x64
		{7785CBEB-4C5B-46D9-8D1E-05D87F47D448}.Debug|x64.Build.0 = Debug|x64
		{7785CBEB-4C5B-46D9-8D1E-05D87F47D448}.Debug|x86.ActiveCfg = Debug|Win32
		{7785CBEB-4C5B-46D9-8D1E-05D87F47D448}.Debug|x86.Build.0 = Debug|Win32
		{7785CBEB-4C5B-46D9-8D1E-05D87F47D448}.Release|x64.ActiveCfg = Release|x64
		{7785CBEB-4C5B-46D9-8D1E-05D87F47D448}.Release|x64.Build.0 = Release|x64
		{7785CBEB-4C5B-46D9-8D1E-05D87F47D448}.Release|x86.ActiveCfg = Release|Win32
		{7785CBEB-4C5B-46D9-8D1E-05D87F47D448}.Release|x86.Build.0 = Release|Win32
		{C9E0A21D-E635-41A2-87DE-52792DBE4A69}.Debug|x64.ActiveCfg = Debug|x64
		{C9E0A21D-E635-41A2-87DE-52792DBE4A69}.Debug|x64.Build.0 = Debug|x64
		{C9E0A21D-E635-41A2-87DE-52792DBE4A69}.Debug|x86.ActiveCfg = Debug|Win32
		{C9E0A21D-E635-41A2-87DE-52792DBE4A69}.Debug|x86.Build.0 = Debug|Win32
		{C9E0A21D-E635-41A2-87DE-52792DBE4A69}.Release|x64.ActiveCfg = Release|x64
		{C9E0A21D-E635-41A2-87DE-52792DBE4A69}.Release|x64.Build.0 = Release|x64
		{C9E0A21D-E635-41A2-87DE-52792DBE4A69}.Release|x86.ActiveCfg = Release|Win32
		{C9E0A21D-E635-41A2-87DE-52792DBE4A69}.Release|x86.Build.0 = Release|Win32
		{F77E39A3-541F-4A9D-B5BF-A624A27B5709}.Debug|x64.ActiveCfg = Debug|x64
		{F77E39A3-541F-4A9D-B5BF-A624A27B5709}.Debug|x64.Build.0 = Debug|x64
		{F77E39A3-541F-4A9D-B5BF-A624A27B5709}.Debug|x86.ActiveCfg = Debug|Win32
		{F77E39A3-541F-4A9D-B5BF-A624A27B5709}.Debug|x86.Build.0 = Debug|Win32
		{F77E39A3-541F-4A9D-B5BF-A624A27B5709}.Release|x64.ActiveCfg = Release|x64
		{F77E39A3-541F-4A9D-B5BF-A624A27B5709}.Release|x64.Build.0 = Release|x64
		{F77E39A3-541F-4A9D-B5BF-A624A27B5709}.Release|x86.ActiveCfg = Release|Win32
		{F77E39A3-541F-4A9D-B5BF-A624A27B5709}.Release|x86.Build.0 = Release|Win32
		{971F0640-301E-4974-8858-6BDBE8503ECE}.Debug|x64.ActiveCfg = Debug|x64
		{971F0640-301E-4974-8858-6BDBE8503ECE}.Debug|x64.Build.0 = Debug|x64
		{971F0640-301E-4974-8858-6BDBE8503ECE}.Debug|x86.ActiveCfg = Debug|Win32
		{971F0640-301E-4974-8858-6BDBE8503ECE}.Debug|x86.Build.0 = Debug|Win32
		{971F0640-301E-4974-8858-6BDBE8503ECE}.Release|x64.ActiveCfg = Release|x64
		{971F0640-301E-4974-8858-6BDBE8503ECE}.Release|x64.Build.0 = Release|x64
		{971F0640-301E-4974-8858-6BDBE8503ECE}.Release|x86.ActiveCfg = Release|Win32
		{971F0640-301E-4974-8858-6BDBE8503ECE}.Release|x86.Build.0 = Release|Win32
		{CDB16F76-1298-48BB-95A4-E479E0B1CABF}.Debug|x64.ActiveCfg = Debug|x64
		{CDB16F76-1298-48BB-95A4-E479E0B1CABF}.Debug|x64.Build.0 = Debug|x64
		{CDB16F76-1298-48BB-95A4-E479E0B1CABF}.Debug|x86.ActiveCfg = Debug|Win32
		{CDB16F76-1298-48BB-95A4-E479E0B1CABF}.Debug|x86.Build.0 = Debug|Win32
		{CDB16F76-1298-48BB-95A4-E479E0B1CABF}.Release|x64.ActiveCfg = Release|x64
		{CDB16F76-1298-48BB-95A4-E479E0B1CABF}.Release|x64.Build.0 = Release|x64
		{CDB16F76-1298-48BB-95A4-E479E0B1CABF}.Release|x86.ActiveCfg = Release|Win32
		{CDB16F76-1298-48BB-95A4-E479E0B1CABF}.Release|x86.Build.0 = Release|Win32
		{4BC7D711-99A8-4CF1-AF1A-A6DD2A4CB337}.Debug|x64.ActiveCfg = Debug|x64
		{4BC7D711-99A8-4CF1-AF1A-A6DD2A4CB337}.Debug|x64.Build.0 = Debug|x64
		{4BC7D711-99A8-4CF1-AF1A-A6DD2A4CB337}.Debug|x86.ActiveCfg = Debug|Win32
		{4BC7D711-99A8-4CF1-AF1A-A6DD2A4CB337}.Debug|x86.Build.0 = Debug|Win32
		{4BC7D711-99A8-4CF1-AF1A-A6DD2A4CB337}.Release|x64.ActiveCfg = Release|x64
		{4BC7D711-99A8-4CF1-AF1A-A6DD2A4CB337}.Release|x64.Build.0 = Release|x64
		{4BC7D711-99A8-4CF1-AF1A-A6DD2A4CB337}.Release|x86.ActiveCfg = Release|Win32
		{4BC7D711-99A8-4CF1-AF1A-A6DD2A4CB337}.Release|x86.Build.0 = Release|Win32
		{79D54A23-CBDB-4EAB-8A16-655515A8F254}.Debug|x64.ActiveCfg = Debug|x64
		{79D54A23-CBDB-4EAB-8A16-655515A8F254}.Debug|x64.Build.0 = Debug|x64
		{79D54A23-CBDB-4EAB-8A16-655515A8F254}.Debug|x86.ActiveCfg = Debug|Win32
		{79D54A23-CBDB-4EAB-8A16-655515A8F254}.Debug|x86.Build.0 = Debug|Win32
		{79D54A23-CBDB-4EAB-8A16-655515A8F254}.Release|x64.ActiveCfg = Release|x64
		{79D54A23-CBDB-4EAB-8A16-655515A8F254}.Release|x64.Build.0 = Release|x64
		{79D54A23-CBDB-4EAB-8A16-655515A8F254}.Release|x86.ActiveCfg = Release|Win32
		{79D54A23-CBDB-4EAB-8A16-655515A8F254}.Release|x86.Build.0 = Release|Win32
		{5363B97F-89C0-45DC-80EF-937E6108E3E0}.Debug|x64.ActiveCfg = Debug|x64
		{5363B97F-89C0-45DC-80EF-937E6108E3E0}.Debug|x64.Build.0 = Debug|x64
		{5363B97F-89C0-45DC-80EF-937E6108E3E0}.Debug|x86.ActiveCfg = Debug|Win32
		{5363B97F-89C0-45DC-80EF-937E6108E3E0}.Debug|x86.Build.0 = Debug|Win32
		{5363B97F-89C0-45DC-80EF-937E6108E3E0}.Release|x64.ActiveCfg = Release|x64
		{5363B97F-89C0-45DC-80EF-937E6108E3E0}.Release|x64.Build.0 = Release|x64
		{5363B97F-89C0-45DC-80EF-937E6108E3E0}.Release|x86.ActiveCfg = Release|Win32
		{5363B97F-89C0-45DC-80EF-937E6108E3E0}.Release|x86.Build.0 = Release|Win32
		{59AB830E-8160-4E3E-9CBC-50DE89A128AC}.Debug|x64.ActiveCfg = Debug|x64
		{59AB830E-8160-4E3E-9CBC-50DE89A128AC}.Debug|x64.Build.0 = Debug|x64
		{59AB830E-8160-4E3E-9CBC-50DE89A128AC}.Debug|x86.ActiveCfg = Debug|Win32
		{59AB830E-8160-4E3E-9CBC-50DE89A128AC}.Debug|x86.Build.0 = Debug|Win32
		{59AB830E-8160-4E3E-9CBC-50DE89A128AC}.Release|x64.ActiveCfg = Release|x64
		{59AB830E-8160-4E3E-9CBC-50DE89A128AC}.Release|x64.Build.0 = Release|x64
		{59AB830E-8160-4E3E-9CBC-50DE89A128AC}.Release|x86.ActiveCfg = Release|Win32
		{59AB830E-8160-4E3E-9CBC-50DE89A128AC}.Release|x86.Build.0 = Release|Win32
		{D8D2E1C9-D933-4F5E-A3CD-C6E84A9AFF09}.Debug|x64.ActiveCfg = Debug|x64
		{D8D2E1C9-D933-4F5E-A3CD-C6E84A9AFF09}.Debug|x64.Build.0 = Debug|x64
		{D8D2E1C9-D933-4F5E-A3CD-C6E84A9AFF09}.Debug|x86.ActiveCfg = Debug|Win32
		{D8D2E1C9-D933-4F5E-A3CD-C6E84A9AFF09}.Debug|x86.Build.0 = Debug|Win32
		{D8D2E1C9-D933-4F5E-A3CD-C6E84A9AFF09}.Release|x64.ActiveCfg = Release|x64
		{D8D2E1C9-D933-4F5E-A3CD-C6E84A9AFF09}.Release|x64.Build.0 = Release|x64
		{D8D2E1C9-D933-4F5E-A3CD-C6E84A9AFF09}.Release|x86.ActiveCfg = Release|Win32
		{D8D2E1C9-D933-4F5E-A3CD-C6E84A9AFF09}.Release|x86.Build.0 = Release|Win32
		{44A3B12A-7FC0-4D8D-8A0E-46D66DA070D7}.Debug|x64.ActiveCfg = Debug|x64
		{44A3B12A-7FC0-4D8D-8A0E-46D66DA070D7}.Debug|x64.Build.0 = Debug|x64
		{44A3B12A-7FC0-4D8D-8A0E-46D66DA070D7}.Debug|x86.ActiveCfg = Debug|Win32
		{44A3B12A-7FC0-4D8D-8A0E-46D66DA070D7}.Debug|x86.Build.0 = Debug|Win32
		{44A3B12A-7FC0-4D8D-8A0E-46D66DA070D7}.Release|x64.ActiveCfg = Release|x64
		{44A3B12A-7FC0-4D8D-8A0E-46D66DA070D7}.Release|x64.Build.0 = Release|x64
		{44A3B12A-7FC0-4D8D-8A0E-46D66DA070D7}.Release|x86.ActiveCfg = Release|Win32
		{44A3B12A-7FC0-4D8D-8A0E-46D66DA070D7}.Release|x86.Build.0 = Release|Win32
		{DFAFE894-7870-49A3-A6F6-DF26FD550F14}.Debug|x64.ActiveCfg = Debug|x64
		{DFAFE894-7870-49A3-A6F6-DF26FD550F14}.Debug|x64.Build.0 = Debug|x64
		{DFAFE894-7870-49A3-A6F6-DF26FD550F14}.Debug|x86.ActiveCfg = Debug|Win32
		{DFAFE894-7870-49A3-A6F6-DF26FD550F14}.Debug|x86.Build.0 = Debug|Win32
		{DFAFE894-7870-49A3-A6F6-DF26FD550F14}.Release|x64.ActiveCfg = Release|x64
		{DFAFE894-7870-49A3-A6F6-DF26FD550F14}.Release|x64.Build.0 = Release|x64
		{DFAFE894-7870-49A3-A6F6-DF26FD550F14}.Release|x86.ActiveCfg = Release|Win32
		{DFAFE894-7870-49A3-A6F6-DF26FD550F14}.Release|x86.Build.0 = Release|Win32
		{DE776257-A4AD-4441-A55F-A60227BB38A4}.Debug|x64.ActiveCfg = Debug|x64
		{DE776257-A4AD-4441-A55F-A60227BB38A4}.Debug|x64.Build.0 = Debug|x64
		{DE776257-A4AD-4441-A55F-A60227BB38A4}.Debug|x86.ActiveCfg = Debug|Win32
		{DE776257-A4AD-4441-A55F-A60227BB38A4}.Debug|x86.Build.0 = Debug|Win32
		{DE776257-A4AD-4441-A55F-A60227BB38A4}.Release|x64.ActiveCfg = Release|x64
		{DE776257-A4AD-4441-A55F-A60227BB38A4}.Release|x64.Build.0 = Release|x64
		{DE776257-A4AD-4441-A55F-A60227BB38A4}.Release|x86.ActiveCfg = Release|Win32
		{DE776257-A4AD-4441-A55F-A60227BB38A4}.Release|x86.Build.0 = Release|Win32
		{B0B4243D-8CDD-45DC-BF50-667D1D01E088}.Debug|x64.ActiveCfg = Debug|x64
		{B0B4243D-8CDD-45DC-BF50-667D1D01E088}.Debug|x64.Build.0 = Debug|x64
		{B0B4243D-8CDD-45DC-BF50-667D1D01E088}.Debug|x86.ActiveCfg = Debug|Win32
		{B0B4243D-8CDD-45DC-BF50-667D1D01E088}.Debug|x86.Build.0 = Debug|Win32
		{B0B4243D-8CDD-45DC-BF50-667D1D01E088}.Release|x64.ActiveCfg = Release|x64
		{B0B4243D-8CDD-45DC-BF50-667D1D01E088}.Release|x64.Build.0 = Release|x64
		{B0B4243D-8CDD-45DC-BF50-667D1D01E088}.Release|x86.ActiveCfg = Release|Win32
		{B0B4243D-8CDD-45DC-BF50-667D1D01E088}.Release|x86.Build.0 = Release|Win32
		{B5E8BDAB-8FED-49CE-A07A-AF3FEA284E56}.Debug|x64.ActiveCfg = Debug|x64
		{B5E8BDAB-8FED-49CE-A07A-AF3FEA284E56}.Debug|x64.Build.0 = Debug|x64
		{B5E8BDAB-8FED-49CE-A07A-AF3FEA284E56}.Debug|x86.ActiveCfg = Debug|Win32
		{B5E8BDAB-8FED-49CE-A07A-AF3FEA284E56}.Debug|x86.Build.0 = Debug|Win32
		{B5E8BDAB-8FED-49CE-A07A-AF3FEA284E56}.Release|x64.ActiveCfg = Release|x64
		{B5E8BDAB-8FED-49CE-A07A-AF3FEA284E56}.Release|x64.Build.0 = Release|x64
		{B5E8BDAB-8FED-49CE-A07A-AF3FEA284E56}.Release|x86.ActiveCfg = Release|Win32
		{B5E8BDAB-8FED-49CE-A07A-AF3FEA284E56}.Release|x86.Build.0 = Release|Win32
		{529D62DC-391D-44D4-B0CB-6D3FE1C48CAD}.Debug|x64.ActiveCfg = Debug|x64
		{529D62DC-391D-44D4-B0CB-6D3FE1C48CAD}.Debug|x64.Build.0 = Debug|x64
		{529D62DC-391D-44D4-B0CB-6D3FE1C48CAD}.Debug|x86.ActiveCfg = Debug|Win32
		{529D62DC-391D-44D4-B0CB-6D3FE1C48CAD}.Debug|x86.Build.0 = Debug|Win32
		{529D62DC-391D-44D4-B0CB-6D3FE1C48CAD}.Release|x64.ActiveCfg = Release|x64
		{529D62DC-391D-44D4-B0CB-6D3FE1C48CAD}.Release|x64.Build.0 = Release|x64
		{529D62DC-391D-44D4-B0CB-6D3FE1C48CAD}.Release|x86.ActiveCfg = Release|Win32
		{529D62DC-391D-44D4-B0CB-6D3FE1C48CAD}.Release|x86.Build.0 = Release|Win32
		{19ADA6D0-5854-4D97-861B-85CDE570701B}.Debug|x64.ActiveCfg = Debug|x64
		{19ADA6D0-5854-4D97-861B-85CDE570701B}.Debug|x64.Build.0 = Debug|x64
		{19ADA6D0-5854-4D97-861B-85CDE570701B}.Debug|x86.ActiveCfg = Debug|Win32
		{19ADA6D0-5854-4D97-861B-85CDE570701B}.Debug|x86.Build.0 = Debug|Win32
		{19ADA6D0-5854-4D97-861B-85CDE570701B}.Release|x64.ActiveCfg = Release|x64
		{19ADA6D0-5854-4D97-861B-85CDE570701B}.Release|x64.Build.0 = Release|x64
		{19ADA6D0-5854-4D97-861B-85CDE570701B}.Release|x86.ActiveCfg = Release|Win32
		{19ADA6D0-5854-4D97-861B-85CDE570701B}.Release|x86.Build.0 = Release|Win32
	EndGlobalSection
	GlobalSection(SolutionProperties) = preSolution
		HideSolutionNode = FALSE
	EndGlobalSection
	GlobalSection(ExtensibilityGlobals) = postSolution
		SolutionGuid = {075771AE-38DD-45E2-8D33-CB84334E5A81}
	EndGlobalSection
EndGlobal
